
Microsoft Visual Studio Solution File, Format Version 12.00
# Visual Studio Version 16
VisualStudioVersion = 16.0.30804.86
MinimumVisualStudioVersion = 10.0.40219.1
Project("{9A19103F-16F7-4668-BE54-9A1E7A4F7556}") = "DataAccess", "DataAccess\DataAccess.csproj", "{46250CC7-E693-4C43-8EC5-CE17E29FF489}"
EndProject
Project("{9A19103F-16F7-4668-BE54-9A1E7A4F7556}") = "Business", "Business\Business.csproj", "{8FD2F87C-8CC5-48D0-9F87-F2C9C6271D32}"
EndProject
Project("{9A19103F-16F7-4668-BE54-9A1E7A4F7556}") = "Entities", "Entities\Entities.csproj", "{09E6F97F-A6C1-481F-B046-1B5621B4B683}"
EndProject
Project("{9A19103F-16F7-4668-BE54-9A1E7A4F7556}") = "ConsoleUI", "ConsoleUI\ConsoleUI.csproj", "{07C76AD3-86F2-4A47-96E3-F21C36BADED0}"
EndProject
Project("{9A19103F-16F7-4668-BE54-9A1E7A4F7556}") = "Core", "Core\Core.csproj", "{F80BEFFB-B333-45ED-8C87-57D54EAB4EAF}"
EndProject
Project("{FAE04EC0-301F-11D3-BF4B-00C04F79EFBC}") = "WebAPI", "WebAPI\WebAPI.csproj", "{EDB20044-A639-4322-9388-FF2D70FC5955}"
EndProject
Global
	GlobalSection(SolutionConfigurationPlatforms) = preSolution
		Debug|Any CPU = Debug|Any CPU
		Release|Any CPU = Release|Any CPU
	EndGlobalSection
	GlobalSection(ProjectConfigurationPlatforms) = postSolution
		{46250CC7-E693-4C43-8EC5-CE17E29FF489}.Debug|Any CPU.ActiveCfg = Debug|Any CPU
		{46250CC7-E693-4C43-8EC5-CE17E29FF489}.Debug|Any CPU.Build.0 = Debug|Any CPU
		{46250CC7-E693-4C43-8EC5-CE17E29FF489}.Release|Any CPU.ActiveCfg = Release|Any CPU
		{46250CC7-E693-4C43-8EC5-CE17E29FF489}.Release|Any CPU.Build.0 = Release|Any CPU
		{8FD2F87C-8CC5-48D0-9F87-F2C9C6271D32}.Debug|Any CPU.ActiveCfg = Debug|Any CPU
		{8FD2F87C-8CC5-48D0-9F87-F2C9C6271D32}.Debug|Any CPU.Build.0 = Debug|Any CPU
		{8FD2F87C-8CC5-48D0-9F87-F2C9C6271D32}.Release|Any CPU.ActiveCfg = Release|Any CPU
		{8FD2F87C-8CC5-48D0-9F87-F2C9C6271D32}.Release|Any CPU.Build.0 = Release|Any CPU
		{09E6F97F-A6C1-481F-B046-1B5621B4B683}.Debug|Any CPU.ActiveCfg = Debug|Any CPU
		{09E6F97F-A6C1-481F-B046-1B5621B4B683}.Debug|Any CPU.Build.0 = Debug|Any CPU
		{09E6F97F-A6C1-481F-B046-1B5621B4B683}.Release|Any CPU.ActiveCfg = Release|Any CPU
		{09E6F97F-A6C1-481F-B046-1B5621B4B683}.Release|Any CPU.Build.0 = Release|Any CPU
		{07C76AD3-86F2-4A47-96E3-F21C36BADED0}.Debug|Any CPU.ActiveCfg = Debug|Any CPU
		{07C76AD3-86F2-4A47-96E3-F21C36BADED0}.Debug|Any CPU.Build.0 = Debug|Any CPU
		{07C76AD3-86F2-4A47-96E3-F21C36BADED0}.Release|Any CPU.ActiveCfg = Release|Any CPU
		{07C76AD3-86F2-4A47-96E3-F21C36BADED0}.Release|Any CPU.Build.0 = Release|Any CPU
		{F80BEFFB-B333-45ED-8C87-57D54EAB4EAF}.Debug|Any CPU.ActiveCfg = Debug|Any CPU
		{F80BEFFB-B333-45ED-8C87-57D54EAB4EAF}.Debug|Any CPU.Build.0 = Debug|Any CPU
		{F80BEFFB-B333-45ED-8C87-57D54EAB4EAF}.Release|Any CPU.ActiveCfg = Release|Any CPU
		{F80BEFFB-B333-45ED-8C87-57D54EAB4EAF}.Release|Any CPU.Build.0 = Release|Any CPU
		{EDB20044-A639-4322-9388-FF2D70FC5955}.Debug|Any CPU.ActiveCfg = Debug|Any CPU
		{EDB20044-A639-4322-9388-FF2D70FC5955}.Debug|Any CPU.Build.0 = Debug|Any CPU
		{EDB20044-A639-4322-9388-FF2D70FC5955}.Release|Any CPU.ActiveCfg = Release|Any CPU
		{EDB20044-A639-4322-9388-FF2D70FC5955}.Release|Any CPU.Build.0 = Release|Any CPU
	EndGlobalSection
	GlobalSection(SolutionProperties) = preSolution
		HideSolutionNode = FALSE
	EndGlobalSection
	GlobalSection(ExtensibilityGlobals) = postSolution
		SolutionGuid = {DCFF2545-D035-4FC0-84D4-2EEB6A85E5FA}
	EndGlobalSection
EndGlobal
